
Microsoft Visual Studio Solution File, Format Version 12.00
# Visual Studio Version 16
VisualStudioVersion = 16.0.30413.136
MinimumVisualStudioVersion = 10.0.40219.1
Project("{FAE04EC0-301F-11D3-BF4B-00C04F79EFBC}") = "TMPI", "TMPI.csproj", "{1E08BF7C-7566-4273-BBBF-B24740D21B48}"
EndProject
Global
	GlobalSection(SolutionConfigurationPlatforms) = preSolution
		Debug|Any CPU = Debug|Any CPU
		Release|Any CPU = Release|Any CPU
	EndGlobalSection
	GlobalSection(ProjectConfigurationPlatforms) = postSolution
		{1E08BF7C-7566-4273-BBBF-B24740D21B48}.Debug|Any CPU.ActiveCfg = Debug|Any CPU
		{1E08BF7C-7566-4273-BBBF-B24740D21B48}.Debug|Any CPU.Build.0 = Debug|Any CPU
		{1E08BF7C-7566-4273-BBBF-B24740D21B48}.Release|Any CPU.ActiveCfg = Release|Any CPU
		{1E08BF7C-7566-4273-BBBF-B24740D21B48}.Release|Any CPU.Build.0 = Release|Any CPU
	EndGlobalSection
	GlobalSection(SolutionProperties) = preSolution
		HideSolutionNode = FALSE
	EndGlobalSection
	GlobalSection(ExtensibilityGlobals) = postSolution
		SolutionGuid = {F4F61C01-A415-4DE2-99CB-B9A7853ABA59}
	EndGlobalSection
EndGlobal
